
Microsoft Visual Studio Solution File, Format Version 12.00
# Visual Studio Version 17
VisualStudioVersion = 17.4.33103.184
MinimumVisualStudioVersion = 10.0.40219.1
Project("{FAE04EC0-301F-11D3-BF4B-00C04F79EFBC}") = "JWT", "JWT.csproj", "{178D20D8-BF64-4D41-935B-AFD0DF42C9E6}"
EndProject
Global
	GlobalSection(SolutionConfigurationPlatforms) = preSolution
		Debug|Any CPU = Debug|Any CPU
		Release|Any CPU = Release|Any CPU
	EndGlobalSection
	GlobalSection(ProjectConfigurationPlatforms) = postSolution
		{178D20D8-BF64-4D41-935B-AFD0DF42C9E6}.Debug|Any CPU.ActiveCfg = Debug|Any CPU
		{178D20D8-BF64-4D41-935B-AFD0DF42C9E6}.Debug|Any CPU.Build.0 = Debug|Any CPU
		{178D20D8-BF64-4D41-935B-AFD0DF42C9E6}.Release|Any CPU.ActiveCfg = Release|Any CPU
		{178D20D8-BF64-4D41-935B-AFD0DF42C9E6}.Release|Any CPU.Build.0 = Release|Any CPU
	EndGlobalSection
	GlobalSection(SolutionProperties) = preSolution
		HideSolutionNode = FALSE
	EndGlobalSection
	GlobalSection(ExtensibilityGlobals) = postSolution
		SolutionGuid = {1811E0F7-D3DB-4DC8-A959-A44E373F5B4B}
	EndGlobalSection
EndGlobal
